{
    "hash": "eff6e22d6ba0629e8023285a187f6b99",
    "packages": [
        {
            "package": "yiisoft/yii",
            "version": "master",
            "source-reference": "master",
            "commit-date": "1342349061"
        }
    ],
    "packages-dev": null,
    "aliases": [

    ],
    "minimum-stability": "stable",
    "stability-flags": {
        "yiisoft/yii": 20
    }
}
